
Microsoft Visual Studio Solution File, Format Version 12.00
# Visual Studio Version 17
VisualStudioVersion = 17.5.2.0
MinimumVisualStudioVersion = 10.0.40219.1
Project("{9A19103F-16F7-4668-BE54-9A1E7A4F7556}") = "Inkloom.Api", "Inkloom.Api\Inkloom.Api.csproj", "{CE531CFB-F19E-4F01-83F2-1C167759310D}"
EndProject
Project("{9A19103F-16F7-4668-BE54-9A1E7A4F7556}") = "Inkloom.Api.Test", "Inkloom.Api.Test\Inkloom.Api.Test.csproj", "{309ACA20-DF59-41D5-B641-716DDE4DA84F}"
EndProject
Project("{9A19103F-16F7-4668-BE54-9A1E7A4F7556}") = "Inkloom.Api.Data", "Inkloom.Api.Data\Inkloom.Api.Data.csproj", "{397A2E45-1990-4E4D-8B36-FB02C95F01D0}"
EndProject
Project("{FAE04EC0-301F-11D3-BF4B-00C04F79EFBC}") = "Inkloom.Api.Email", "Inkloom.Api.Email\Inkloom.Api.Email.csproj", "{5DCE8381-D4FC-4778-98D3-0F08771A58BF}"
EndProject
Project("{FAE04EC0-301F-11D3-BF4B-00C04F79EFBC}") = "Inkloom.Api.EmailTemplates", "Inkloom.Api.EmailTemplates\Inkloom.Api.EmailTemplates.csproj", "{93E47F30-1BDB-42D8-9778-F02248E58047}"
EndProject
Project("{FAE04EC0-301F-11D3-BF4B-00C04F79EFBC}") = "Inkloom.Api.Assets", "Inkloom.Api.Assets\Inkloom.Api.Assets.csproj", "{A7ED18FD-0423-4AF3-8216-B0D06B5D6388}"
EndProject
Global
	GlobalSection(SolutionConfigurationPlatforms) = preSolution
		Debug|Any CPU = Debug|Any CPU
		Debug|x64 = Debug|x64
		Debug|x86 = Debug|x86
		Release|Any CPU = Release|Any CPU
		Release|x64 = Release|x64
		Release|x86 = Release|x86
	EndGlobalSection
	GlobalSection(ProjectConfigurationPlatforms) = postSolution
		{CE531CFB-F19E-4F01-83F2-1C167759310D}.Debug|Any CPU.ActiveCfg = Debug|Any CPU
		{CE531CFB-F19E-4F01-83F2-1C167759310D}.Debug|Any CPU.Build.0 = Debug|Any CPU
		{CE531CFB-F19E-4F01-83F2-1C167759310D}.Debug|x64.ActiveCfg = Debug|Any CPU
		{CE531CFB-F19E-4F01-83F2-1C167759310D}.Debug|x64.Build.0 = Debug|Any CPU
		{CE531CFB-F19E-4F01-83F2-1C167759310D}.Debug|x86.ActiveCfg = Debug|Any CPU
		{CE531CFB-F19E-4F01-83F2-1C167759310D}.Debug|x86.Build.0 = Debug|Any CPU
		{CE531CFB-F19E-4F01-83F2-1C167759310D}.Release|Any CPU.ActiveCfg = Release|Any CPU
		{CE531CFB-F19E-4F01-83F2-1C167759310D}.Release|Any CPU.Build.0 = Release|Any CPU
		{CE531CFB-F19E-4F01-83F2-1C167759310D}.Release|x64.ActiveCfg = Release|Any CPU
		{CE531CFB-F19E-4F01-83F2-1C167759310D}.Release|x64.Build.0 = Release|Any CPU
		{CE531CFB-F19E-4F01-83F2-1C167759310D}.Release|x86.ActiveCfg = Release|Any CPU
		{CE531CFB-F19E-4F01-83F2-1C167759310D}.Release|x86.Build.0 = Release|Any CPU
		{309ACA20-DF59-41D5-B641-716DDE4DA84F}.Debug|Any CPU.ActiveCfg = Debug|Any CPU
		{309ACA20-DF59-41D5-B641-716DDE4DA84F}.Debug|Any CPU.Build.0 = Debug|Any CPU
		{309ACA20-DF59-41D5-B641-716DDE4DA84F}.Debug|x64.ActiveCfg = Debug|Any CPU
		{309ACA20-DF59-41D5-B641-716DDE4DA84F}.Debug|x64.Build.0 = Debug|Any CPU
		{309ACA20-DF59-41D5-B641-716DDE4DA84F}.Debug|x86.ActiveCfg = Debug|Any CPU
		{309ACA20-DF59-41D5-B641-716DDE4DA84F}.Debug|x86.Build.0 = Debug|Any CPU
		{309ACA20-DF59-41D5-B641-716DDE4DA84F}.Release|Any CPU.ActiveCfg = Release|Any CPU
		{309ACA20-DF59-41D5-B641-716DDE4DA84F}.Release|Any CPU.Build.0 = Release|Any CPU
		{309ACA20-DF59-41D5-B641-716DDE4DA84F}.Release|x64.ActiveCfg = Release|Any CPU
		{309ACA20-DF59-41D5-B641-716DDE4DA84F}.Release|x64.Build.0 = Release|Any CPU
		{309ACA20-DF59-41D5-B641-716DDE4DA84F}.Release|x86.ActiveCfg = Release|Any CPU
		{309ACA20-DF59-41D5-B641-716DDE4DA84F}.Release|x86.Build.0 = Release|Any CPU
		{397A2E45-1990-4E4D-8B36-FB02C95F01D0}.Debug|Any CPU.ActiveCfg = Debug|Any CPU
		{397A2E45-1990-4E4D-8B36-FB02C95F01D0}.Debug|Any CPU.Build.0 = Debug|Any CPU
		{397A2E45-1990-4E4D-8B36-FB02C95F01D0}.Debug|x64.ActiveCfg = Debug|Any CPU
		{397A2E45-1990-4E4D-8B36-FB02C95F01D0}.Debug|x64.Build.0 = Debug|Any CPU
		{397A2E45-1990-4E4D-8B36-FB02C95F01D0}.Debug|x86.ActiveCfg = Debug|Any CPU
		{397A2E45-1990-4E4D-8B36-FB02C95F01D0}.Debug|x86.Build.0 = Debug|Any CPU
		{397A2E45-1990-4E4D-8B36-FB02C95F01D0}.Release|Any CPU.ActiveCfg = Release|Any CPU
		{397A2E45-1990-4E4D-8B36-FB02C95F01D0}.Release|Any CPU.Build.0 = Release|Any CPU
		{397A2E45-1990-4E4D-8B36-FB02C95F01D0}.Release|x64.ActiveCfg = Release|Any CPU
		{397A2E45-1990-4E4D-8B36-FB02C95F01D0}.Release|x64.Build.0 = Release|Any CPU
		{397A2E45-1990-4E4D-8B36-FB02C95F01D0}.Release|x86.ActiveCfg = Release|Any CPU
		{397A2E45-1990-4E4D-8B36-FB02C95F01D0}.Release|x86.Build.0 = Release|Any CPU
		{5DCE8381-D4FC-4778-98D3-0F08771A58BF}.Debug|Any CPU.ActiveCfg = Debug|Any CPU
		{5DCE8381-D4FC-4778-98D3-0F08771A58BF}.Debug|Any CPU.Build.0 = Debug|Any CPU
		{5DCE8381-D4FC-4778-98D3-0F08771A58BF}.Debug|x64.ActiveCfg = Debug|Any CPU
		{5DCE8381-D4FC-4778-98D3-0F08771A58BF}.Debug|x64.Build.0 = Debug|Any CPU
		{5DCE8381-D4FC-4778-98D3-0F08771A58BF}.Debug|x86.ActiveCfg = Debug|Any CPU
		{5DCE8381-D4FC-4778-98D3-0F08771A58BF}.Debug|x86.Build.0 = Debug|Any CPU
		{5DCE8381-D4FC-4778-98D3-0F08771A58BF}.Release|Any CPU.ActiveCfg = Release|Any CPU
		{5DCE8381-D4FC-4778-98D3-0F08771A58BF}.Release|Any CPU.Build.0 = Release|Any CPU
		{5DCE8381-D4FC-4778-98D3-0F08771A58BF}.Release|x64.ActiveCfg = Release|Any CPU
		{5DCE8381-D4FC-4778-98D3-0F08771A58BF}.Release|x64.Build.0 = Release|Any CPU
		{5DCE8381-D4FC-4778-98D3-0F08771A58BF}.Release|x86.ActiveCfg = Release|Any CPU
		{5DCE8381-D4FC-4778-98D3-0F08771A58BF}.Release|x86.Build.0 = Release|Any CPU
		{93E47F30-1BDB-42D8-9778-F02248E58047}.Debug|Any CPU.ActiveCfg = Debug|Any CPU
		{93E47F30-1BDB-42D8-9778-F02248E58047}.Debug|Any CPU.Build.0 = Debug|Any CPU
		{93E47F30-1BDB-42D8-9778-F02248E58047}.Debug|x64.ActiveCfg = Debug|Any CPU
		{93E47F30-1BDB-42D8-9778-F02248E58047}.Debug|x64.Build.0 = Debug|Any CPU
		{93E47F30-1BDB-42D8-9778-F02248E58047}.Debug|x86.ActiveCfg = Debug|Any CPU
		{93E47F30-1BDB-42D8-9778-F02248E58047}.Debug|x86.Build.0 = Debug|Any CPU
		{93E47F30-1BDB-42D8-9778-F02248E58047}.Release|Any CPU.ActiveCfg = Release|Any CPU
		{93E47F30-1BDB-42D8-9778-F02248E58047}.Release|Any CPU.Build.0 = Release|Any CPU
		{93E47F30-1BDB-42D8-9778-F02248E58047}.Release|x64.ActiveCfg = Release|Any CPU
		{93E47F30-1BDB-42D8-9778-F02248E58047}.Release|x64.Build.0 = Release|Any CPU
		{93E47F30-1BDB-42D8-9778-F02248E58047}.Release|x86.ActiveCfg = Release|Any CPU
		{93E47F30-1BDB-42D8-9778-F02248E58047}.Release|x86.Build.0 = Release|Any CPU
		{A7ED18FD-0423-4AF3-8216-B0D06B5D6388}.Debug|Any CPU.ActiveCfg = Debug|Any CPU
		{A7ED18FD-0423-4AF3-8216-B0D06B5D6388}.Debug|Any CPU.Build.0 = Debug|Any CPU
		{A7ED18FD-0423-4AF3-8216-B0D06B5D6388}.Debug|x64.ActiveCfg = Debug|Any CPU
		{A7ED18FD-0423-4AF3-8216-B0D06B5D6388}.Debug|x64.Build.0 = Debug|Any CPU
		{A7ED18FD-0423-4AF3-8216-B0D06B5D6388}.Debug|x86.ActiveCfg = Debug|Any CPU
		{A7ED18FD-0423-4AF3-8216-B0D06B5D6388}.Debug|x86.Build.0 = Debug|Any CPU
		{A7ED18FD-0423-4AF3-8216-B0D06B5D6388}.Release|Any CPU.ActiveCfg = Release|Any CPU
		{A7ED18FD-0423-4AF3-8216-B0D06B5D6388}.Release|Any CPU.Build.0 = Release|Any CPU
		{A7ED18FD-0423-4AF3-8216-B0D06B5D6388}.Release|x64.ActiveCfg = Release|Any CPU
		{A7ED18FD-0423-4AF3-8216-B0D06B5D6388}.Release|x64.Build.0 = Release|Any CPU
		{A7ED18FD-0423-4AF3-8216-B0D06B5D6388}.Release|x86.ActiveCfg = Release|Any CPU
		{A7ED18FD-0423-4AF3-8216-B0D06B5D6388}.Release|x86.Build.0 = Release|Any CPU
	EndGlobalSection
	GlobalSection(SolutionProperties) = preSolution
		HideSolutionNode = FALSE
	EndGlobalSection
	GlobalSection(ExtensibilityGlobals) = postSolution
		SolutionGuid = {7994E19A-2AC4-44EC-A95B-1562947E8C38}
	EndGlobalSection
EndGlobal
